
Microsoft Visual Studio Solution File, Format Version 12.00
# Visual Studio Version 16
VisualStudioVersion = 16.0.30523.141
MinimumVisualStudioVersion = 10.0.40219.1
Project("{FAE04EC0-301F-11D3-BF4B-00C04F79EFBC}") = "Study Case", "Study Case\Study Case.csproj", "{14EACD87-0D49-49B6-8EE1-2B03A6402855}"
EndProject
Global
	GlobalSection(SolutionConfigurationPlatforms) = preSolution
		Debug|Any CPU = Debug|Any CPU
		Release|Any CPU = Release|Any CPU
	EndGlobalSection
	GlobalSection(ProjectConfigurationPlatforms) = postSolution
		{14EACD87-0D49-49B6-8EE1-2B03A6402855}.Debug|Any CPU.ActiveCfg = Debug|Any CPU
		{14EACD87-0D49-49B6-8EE1-2B03A6402855}.Debug|Any CPU.Build.0 = Debug|Any CPU
		{14EACD87-0D49-49B6-8EE1-2B03A6402855}.Release|Any CPU.ActiveCfg = Release|Any CPU
		{14EACD87-0D49-49B6-8EE1-2B03A6402855}.Release|Any CPU.Build.0 = Release|Any CPU
	EndGlobalSection
	GlobalSection(SolutionProperties) = preSolution
		HideSolutionNode = FALSE
	EndGlobalSection
	GlobalSection(ExtensibilityGlobals) = postSolution
		SolutionGuid = {0E20C388-EDB2-4378-975A-9CE0D24EEB2B}
	EndGlobalSection
EndGlobal
